
Microsoft Visual Studio Solution File, Format Version 12.00
Project("{FAE04EC0-301F-11D3-BF4B-00C04F79EFBC}") = "PeanutTradeTest", "PeanutTradeTest\PeanutTradeTest.csproj", "{3A645C9B-E01C-4829-AB8C-5CA37A3D7484}"
EndProject
Global
	GlobalSection(SolutionConfigurationPlatforms) = preSolution
		Debug|Any CPU = Debug|Any CPU
		Release|Any CPU = Release|Any CPU
	EndGlobalSection
	GlobalSection(ProjectConfigurationPlatforms) = postSolution
		{3A645C9B-E01C-4829-AB8C-5CA37A3D7484}.Debug|Any CPU.ActiveCfg = Debug|Any CPU
		{3A645C9B-E01C-4829-AB8C-5CA37A3D7484}.Debug|Any CPU.Build.0 = Debug|Any CPU
		{3A645C9B-E01C-4829-AB8C-5CA37A3D7484}.Release|Any CPU.ActiveCfg = Release|Any CPU
		{3A645C9B-E01C-4829-AB8C-5CA37A3D7484}.Release|Any CPU.Build.0 = Release|Any CPU
	EndGlobalSection
EndGlobal
